// !$*UTF8*$!
{
	archiveVersion = 1;
	classes = {
	};
	objectVersion = 56;
	objects = {

/* Begin PBXBuildFile section */
		6C66E7502B49BD3A00135FAA /* SeatchByWordsView.swift in Sources */ = {isa = PBXBuildFile; fileRef = 6C66E74F2B49BD3A00135FAA /* SeatchByWordsView.swift */; };
		6C7028E72B15CE9600581F4E /* AllTimeTVCell.swift in Sources */ = {isa = PBXBuildFile; fileRef = 6C7028E62B15CE9600581F4E /* AllTimeTVCell.swift */; };
		6C7028EA2B15CFB400581F4E /* AllTimeCVCell.swift in Sources */ = {isa = PBXBuildFile; fileRef = 6C7028E82B15CFB400581F4E /* AllTimeCVCell.swift */; };
		6C7028EB2B15CFB400581F4E /* AllTimeCVCell.xib in Resources */ = {isa = PBXBuildFile; fileRef = 6C7028E92B15CFB400581F4E /* AllTimeCVCell.xib */; };
		6C7028ED2B15DAEE00581F4E /* DetailVC.swift in Sources */ = {isa = PBXBuildFile; fileRef = 6C7028EC2B15DAEE00581F4E /* DetailVC.swift */; };
		6C98B0572B0E87C40068030B /* HomeTVController.swift in Sources */ = {isa = PBXBuildFile; fileRef = 6C98B0562B0E87C40068030B /* HomeTVController.swift */; };
		6C98B0592B13C6180068030B /* BestMoviesInYearTVCell.swift in Sources */ = {isa = PBXBuildFile; fileRef = 6C98B0582B13C6180068030B /* BestMoviesInYearTVCell.swift */; };
		6C98B05E2B1519CD0068030B /* BestMoviesInYearCVCell.swift in Sources */ = {isa = PBXBuildFile; fileRef = 6C98B05C2B1519CD0068030B /* BestMoviesInYearCVCell.swift */; };
		6C98B05F2B1519CD0068030B /* CollectionViewCell.xib in Resources */ = {isa = PBXBuildFile; fileRef = 6C98B05D2B1519CD0068030B /* CollectionViewCell.xib */; };
		6CAF95EF2B2666AA0075837F /* ModelAPIConstans.swift in Sources */ = {isa = PBXBuildFile; fileRef = 6CAF95EE2B2666AA0075837F /* ModelAPIConstans.swift */; };
		6CAF95F12B2679BF0075837F /* ModelMovie.swift in Sources */ = {isa = PBXBuildFile; fileRef = 6CAF95F02B2679BF0075837F /* ModelMovie.swift */; };
		6CAF95F92B2685940075837F /* NetworkService.swift in Sources */ = {isa = PBXBuildFile; fileRef = 6CAF95F82B2685940075837F /* NetworkService.swift */; };
		6CAF95FC2B2686300075837F /* Alamofire in Frameworks */ = {isa = PBXBuildFile; productRef = 6CAF95FB2B2686300075837F /* Alamofire */; };
		6CAF95FF2B2686930075837F /* SwiftyJSON in Frameworks */ = {isa = PBXBuildFile; productRef = 6CAF95FE2B2686930075837F /* SwiftyJSON */; };
		6CB0C91D2B4FCBF400448038 /* ListOfTheMovieTVC.swift in Sources */ = {isa = PBXBuildFile; fileRef = 6CB0C91C2B4FCBF400448038 /* ListOfTheMovieTVC.swift */; };
		6CB0CA3F2B503C9200448038 /* RandomMovieView.swift in Sources */ = {isa = PBXBuildFile; fileRef = 6CB0CA3E2B503C9200448038 /* RandomMovieView.swift */; };
		6CB0CA422B57F3C100448038 /* AlamofireImage in Frameworks */ = {isa = PBXBuildFile; productRef = 6CB0CA412B57F3C100448038 /* AlamofireImage */; };
		6CB0CA452B59180100448038 /* NVActivityIndicatorView in Frameworks */ = {isa = PBXBuildFile; productRef = 6CB0CA442B59180100448038 /* NVActivityIndicatorView */; };
		6CB0CA472B59180100448038 /* NVActivityIndicatorViewExtended in Frameworks */ = {isa = PBXBuildFile; productRef = 6CB0CA462B59180100448038 /* NVActivityIndicatorViewExtended */; };
		6CB0CA4A2B591D3700448038 /* ViewControllersExtention.swift in Sources */ = {isa = PBXBuildFile; fileRef = 6CB0CA492B591D3700448038 /* ViewControllersExtention.swift */; };
		6CCA995B2B09323A00E4A975 /* AppDelegate.swift in Sources */ = {isa = PBXBuildFile; fileRef = 6CCA995A2B09323A00E4A975 /* AppDelegate.swift */; };
		6CCA995D2B09323A00E4A975 /* SceneDelegate.swift in Sources */ = {isa = PBXBuildFile; fileRef = 6CCA995C2B09323A00E4A975 /* SceneDelegate.swift */; };
		6CCA99622B09323A00E4A975 /* Main.storyboard in Resources */ = {isa = PBXBuildFile; fileRef = 6CCA99602B09323A00E4A975 /* Main.storyboard */; };
		6CCA99642B09324100E4A975 /* Assets.xcassets in Resources */ = {isa = PBXBuildFile; fileRef = 6CCA99632B09324100E4A975 /* Assets.xcassets */; };
		6CCA99672B09324100E4A975 /* LaunchScreen.storyboard in Resources */ = {isa = PBXBuildFile; fileRef = 6CCA99652B09324100E4A975 /* LaunchScreen.storyboard */; };
/* End PBXBuildFile section */

/* Begin PBXFileReference section */
		6C66E74F2B49BD3A00135FAA /* SeatchByWordsView.swift */ = {isa = PBXFileReference; lastKnownFileType = sourcecode.swift; path = SeatchByWordsView.swift; sourceTree = "<group>"; };
		6C7028E62B15CE9600581F4E /* AllTimeTVCell.swift */ = {isa = PBXFileReference; lastKnownFileType = sourcecode.swift; path = AllTimeTVCell.swift; sourceTree = "<group>"; };
		6C7028E82B15CFB400581F4E /* AllTimeCVCell.swift */ = {isa = PBXFileReference; lastKnownFileType = sourcecode.swift; path = AllTimeCVCell.swift; sourceTree = "<group>"; };
		6C7028E92B15CFB400581F4E /* AllTimeCVCell.xib */ = {isa = PBXFileReference; lastKnownFileType = file.xib; path = AllTimeCVCell.xib; sourceTree = "<group>"; };
		6C7028EC2B15DAEE00581F4E /* DetailVC.swift */ = {isa = PBXFileReference; lastKnownFileType = sourcecode.swift; path = DetailVC.swift; sourceTree = "<group>"; };
		6C98B0562B0E87C40068030B /* HomeTVController.swift */ = {isa = PBXFileReference; lastKnownFileType = sourcecode.swift; path = HomeTVController.swift; sourceTree = "<group>"; };
		6C98B0582B13C6180068030B /* BestMoviesInYearTVCell.swift */ = {isa = PBXFileReference; lastKnownFileType = sourcecode.swift; path = BestMoviesInYearTVCell.swift; sourceTree = "<group>"; };
		6C98B05C2B1519CD0068030B /* BestMoviesInYearCVCell.swift */ = {isa = PBXFileReference; lastKnownFileType = sourcecode.swift; path = BestMoviesInYearCVCell.swift; sourceTree = "<group>"; };
		6C98B05D2B1519CD0068030B /* CollectionViewCell.xib */ = {isa = PBXFileReference; lastKnownFileType = file.xib; path = CollectionViewCell.xib; sourceTree = "<group>"; };
		6CAF95EE2B2666AA0075837F /* ModelAPIConstans.swift */ = {isa = PBXFileReference; lastKnownFileType = sourcecode.swift; path = ModelAPIConstans.swift; sourceTree = "<group>"; };
		6CAF95F02B2679BF0075837F /* ModelMovie.swift */ = {isa = PBXFileReference; lastKnownFileType = sourcecode.swift; path = ModelMovie.swift; sourceTree = "<group>"; };
		6CAF95F82B2685940075837F /* NetworkService.swift */ = {isa = PBXFileReference; lastKnownFileType = sourcecode.swift; path = NetworkService.swift; sourceTree = "<group>"; };
		6CB0C91C2B4FCBF400448038 /* ListOfTheMovieTVC.swift */ = {isa = PBXFileReference; lastKnownFileType = sourcecode.swift; path = ListOfTheMovieTVC.swift; sourceTree = "<group>"; };
		6CB0CA3E2B503C9200448038 /* RandomMovieView.swift */ = {isa = PBXFileReference; lastKnownFileType = sourcecode.swift; path = RandomMovieView.swift; sourceTree = "<group>"; };
		6CB0CA492B591D3700448038 /* ViewControllersExtention.swift */ = {isa = PBXFileReference; lastKnownFileType = sourcecode.swift; path = ViewControllersExtention.swift; sourceTree = "<group>"; };
		6CCA99572B09323A00E4A975 /* MovieMate.app */ = {isa = PBXFileReference; explicitFileType = wrapper.application; includeInIndex = 0; path = MovieMate.app; sourceTree = BUILT_PRODUCTS_DIR; };
		6CCA995A2B09323A00E4A975 /* AppDelegate.swift */ = {isa = PBXFileReference; lastKnownFileType = sourcecode.swift; path = AppDelegate.swift; sourceTree = "<group>"; };
		6CCA995C2B09323A00E4A975 /* SceneDelegate.swift */ = {isa = PBXFileReference; lastKnownFileType = sourcecode.swift; path = SceneDelegate.swift; sourceTree = "<group>"; };
		6CCA99612B09323A00E4A975 /* Base */ = {isa = PBXFileReference; lastKnownFileType = file.storyboard; name = Base; path = Base.lproj/Main.storyboard; sourceTree = "<group>"; };
		6CCA99632B09324100E4A975 /* Assets.xcassets */ = {isa = PBXFileReference; lastKnownFileType = folder.assetcatalog; path = Assets.xcassets; sourceTree = "<group>"; };
		6CCA99662B09324100E4A975 /* Base */ = {isa = PBXFileReference; lastKnownFileType = file.storyboard; name = Base; path = Base.lproj/LaunchScreen.storyboard; sourceTree = "<group>"; };
		6CCA99682B09324100E4A975 /* Info.plist */ = {isa = PBXFileReference; lastKnownFileType = text.plist.xml; path = Info.plist; sourceTree = "<group>"; };
/* End PBXFileReference section */

/* Begin PBXFrameworksBuildPhase section */
		6CCA99542B09323A00E4A975 /* Frameworks */ = {
			isa = PBXFrameworksBuildPhase;
			buildActionMask = 2147483647;
			files = (
				6CB0CA452B59180100448038 /* NVActivityIndicatorView in Frameworks */,
				6CAF95FF2B2686930075837F /* SwiftyJSON in Frameworks */,
				6CAF95FC2B2686300075837F /* Alamofire in Frameworks */,
				6CB0CA422B57F3C100448038 /* AlamofireImage in Frameworks */,
				6CB0CA472B59180100448038 /* NVActivityIndicatorViewExtended in Frameworks */,
			);
			runOnlyForDeploymentPostprocessing = 0;
		};
/* End PBXFrameworksBuildPhase section */

/* Begin PBXGroup section */
		6C1BAB9B2B0B921600C32EFA /* Views */ = {
			isa = PBXGroup;
			children = (
				6CCA99602B09323A00E4A975 /* Main.storyboard */,
				6CCA99652B09324100E4A975 /* LaunchScreen.storyboard */,
			);
			path = Views;
			sourceTree = "<group>";
		};
		6C1BAB9C2B0B926300C32EFA /* Controllers */ = {
			isa = PBXGroup;
			children = (
				6C6BC3992B0BEDD80032860C /* SearchGroup */,
				6CB0C91B2B4FCBBD00448038 /* ListOfTheMovie */,
				6CB0CA3D2B503C5D00448038 /* RandomMovie */,
				6C7028E52B15CE3D00581F4E /* AllTime */,
				6C98B0562B0E87C40068030B /* HomeTVController.swift */,
				6C98B0582B13C6180068030B /* BestMoviesInYearTVCell.swift */,
				6C98B05C2B1519CD0068030B /* BestMoviesInYearCVCell.swift */,
				6C7028EC2B15DAEE00581F4E /* DetailVC.swift */,
				6C98B05D2B1519CD0068030B /* CollectionViewCell.xib */,
			);
			path = Controllers;
			sourceTree = "<group>";
		};
		6C6BC38E2B0BCA280032860C /* Models */ = {
			isa = PBXGroup;
			children = (
				6CAF95EE2B2666AA0075837F /* ModelAPIConstans.swift */,
				6CAF95F02B2679BF0075837F /* ModelMovie.swift */,
			);
			path = Models;
			sourceTree = "<group>";
		};
		6C6BC38F2B0BCB1E0032860C /* ViewModels */ = {
			isa = PBXGroup;
			children = (
			);
			path = ViewModels;
			sourceTree = "<group>";
		};
		6C6BC3942B0BD9C40032860C /* Services */ = {
			isa = PBXGroup;
			children = (
				6CAF95F82B2685940075837F /* NetworkService.swift */,
			);
			path = Services;
			sourceTree = "<group>";
		};
		6C6BC3992B0BEDD80032860C /* SearchGroup */ = {
			isa = PBXGroup;
			children = (
				6C66E74F2B49BD3A00135FAA /* SeatchByWordsView.swift */,
			);
			path = SearchGroup;
			sourceTree = "<group>";
		};
		6C7028E52B15CE3D00581F4E /* AllTime */ = {
			isa = PBXGroup;
			children = (
				6C7028E62B15CE9600581F4E /* AllTimeTVCell.swift */,
				6C7028E82B15CFB400581F4E /* AllTimeCVCell.swift */,
				6C7028E92B15CFB400581F4E /* AllTimeCVCell.xib */,
			);
			path = AllTime;
			sourceTree = "<group>";
		};
		6CB0C91B2B4FCBBD00448038 /* ListOfTheMovie */ = {
			isa = PBXGroup;
			children = (
				6CB0C91C2B4FCBF400448038 /* ListOfTheMovieTVC.swift */,
			);
			path = ListOfTheMovie;
			sourceTree = "<group>";
		};
		6CB0CA3D2B503C5D00448038 /* RandomMovie */ = {
			isa = PBXGroup;
			children = (
				6CB0CA3E2B503C9200448038 /* RandomMovieView.swift */,
			);
			path = RandomMovie;
			sourceTree = "<group>";
		};
		6CB0CA482B591CF200448038 /* Extentions */ = {
			isa = PBXGroup;
			children = (
				6CB0CA492B591D3700448038 /* ViewControllersExtention.swift */,
			);
			path = Extentions;
			sourceTree = "<group>";
		};
		6CCA994E2B09323A00E4A975 = {
			isa = PBXGroup;
			children = (
				6CCA99592B09323A00E4A975 /* MovieMate */,
				6CCA99582B09323A00E4A975 /* Products */,
			);
			sourceTree = "<group>";
		};
		6CCA99582B09323A00E4A975 /* Products */ = {
			isa = PBXGroup;
			children = (
				6CCA99572B09323A00E4A975 /* MovieMate.app */,
			);
			name = Products;
			sourceTree = "<group>";
		};
		6CCA99592B09323A00E4A975 /* MovieMate */ = {
			isa = PBXGroup;
			children = (
				6C6BC3942B0BD9C40032860C /* Services */,
				6CB0CA482B591CF200448038 /* Extentions */,
				6C6BC38F2B0BCB1E0032860C /* ViewModels */,
				6C6BC38E2B0BCA280032860C /* Models */,
				6C1BAB9C2B0B926300C32EFA /* Controllers */,
				6C1BAB9B2B0B921600C32EFA /* Views */,
				6CCA99632B09324100E4A975 /* Assets.xcassets */,
				6CCA99682B09324100E4A975 /* Info.plist */,
				6CCA996E2B09332A00E4A975 /* AppDelegate */,
			);
			path = MovieMate;
			sourceTree = "<group>";
		};
		6CCA996E2B09332A00E4A975 /* AppDelegate */ = {
			isa = PBXGroup;
			children = (
				6CCA995A2B09323A00E4A975 /* AppDelegate.swift */,
				6CCA995C2B09323A00E4A975 /* SceneDelegate.swift */,
			);
			path = AppDelegate;
			sourceTree = "<group>";
		};
/* End PBXGroup section */

/* Begin PBXNativeTarget section */
		6CCA99562B09323A00E4A975 /* MovieMate */ = {
			isa = PBXNativeTarget;
			buildConfigurationList = 6CCA996B2B09324100E4A975 /* Build configuration list for PBXNativeTarget "MovieMate" */;
			buildPhases = (
				6CCA99532B09323A00E4A975 /* Sources */,
				6CCA99542B09323A00E4A975 /* Frameworks */,
				6CCA99552B09323A00E4A975 /* Resources */,
			);
			buildRules = (
			);
			dependencies = (
			);
			name = MovieMate;
			packageProductDependencies = (
				6CAF95FB2B2686300075837F /* Alamofire */,
				6CAF95FE2B2686930075837F /* SwiftyJSON */,
				6CB0CA412B57F3C100448038 /* AlamofireImage */,
				6CB0CA442B59180100448038 /* NVActivityIndicatorView */,
				6CB0CA462B59180100448038 /* NVActivityIndicatorViewExtended */,
			);
			productName = MovieMate;
			productReference = 6CCA99572B09323A00E4A975 /* MovieMate.app */;
			productType = "com.apple.product-type.application";
		};
/* End PBXNativeTarget section */

/* Begin PBXProject section */
		6CCA994F2B09323A00E4A975 /* Project object */ = {
			isa = PBXProject;
			attributes = {
				BuildIndependentTargetsInParallel = 1;
				LastSwiftUpdateCheck = 1420;
				LastUpgradeCheck = 1420;
				TargetAttributes = {
					6CCA99562B09323A00E4A975 = {
						CreatedOnToolsVersion = 14.2;
					};
				};
			};
			buildConfigurationList = 6CCA99522B09323A00E4A975 /* Build configuration list for PBXProject "MovieMate" */;
			compatibilityVersion = "Xcode 14.0";
			developmentRegion = en;
			hasScannedForEncodings = 0;
			knownRegions = (
				en,
				Base,
			);
			mainGroup = 6CCA994E2B09323A00E4A975;
			packageReferences = (
				6CAF95FA2B2686300075837F /* XCRemoteSwiftPackageReference "Alamofire" */,
				6CAF95FD2B2686930075837F /* XCRemoteSwiftPackageReference "SwiftyJSON" */,
				6CB0CA402B57F3C100448038 /* XCRemoteSwiftPackageReference "AlamofireImage" */,
				6CB0CA432B59180100448038 /* XCRemoteSwiftPackageReference "NVActivityIndicatorView" */,
			);
			productRefGroup = 6CCA99582B09323A00E4A975 /* Products */;
			projectDirPath = "";
			projectRoot = "";
			targets = (
				6CCA99562B09323A00E4A975 /* MovieMate */,
			);
		};
/* End PBXProject section */

/* Begin PBXResourcesBuildPhase section */
		6CCA99552B09323A00E4A975 /* Resources */ = {
			isa = PBXResourcesBuildPhase;
			buildActionMask = 2147483647;
			files = (
				6CCA99672B09324100E4A975 /* LaunchScreen.storyboard in Resources */,
				6CCA99642B09324100E4A975 /* Assets.xcassets in Resources */,
				6C98B05F2B1519CD0068030B /* CollectionViewCell.xib in Resources */,
				6CCA99622B09323A00E4A975 /* Main.storyboard in Resources */,
				6C7028EB2B15CFB400581F4E /* AllTimeCVCell.xib in Resources */,
			);
			runOnlyForDeploymentPostprocessing = 0;
		};
/* End PBXResourcesBuildPhase section */

/* Begin PBXSourcesBuildPhase section */
		6CCA99532B09323A00E4A975 /* Sources */ = {
			isa = PBXSourcesBuildPhase;
			buildActionMask = 2147483647;
			files = (
				6CAF95F12B2679BF0075837F /* ModelMovie.swift in Sources */,
				6C7028E72B15CE9600581F4E /* AllTimeTVCell.swift in Sources */,
				6CB0CA3F2B503C9200448038 /* RandomMovieView.swift in Sources */,
				6C98B05E2B1519CD0068030B /* BestMoviesInYearCVCell.swift in Sources */,
				6C98B0572B0E87C40068030B /* HomeTVController.swift in Sources */,
				6CAF95EF2B2666AA0075837F /* ModelAPIConstans.swift in Sources */,
				6C7028EA2B15CFB400581F4E /* AllTimeCVCell.swift in Sources */,
				6C98B0592B13C6180068030B /* BestMoviesInYearTVCell.swift in Sources */,
				6C66E7502B49BD3A00135FAA /* SeatchByWordsView.swift in Sources */,
				6CAF95F92B2685940075837F /* NetworkService.swift in Sources */,
				6CB0C91D2B4FCBF400448038 /* ListOfTheMovieTVC.swift in Sources */,
				6C7028ED2B15DAEE00581F4E /* DetailVC.swift in Sources */,
				6CCA995B2B09323A00E4A975 /* AppDelegate.swift in Sources */,
				6CB0CA4A2B591D3700448038 /* ViewControllersExtention.swift in Sources */,
				6CCA995D2B09323A00E4A975 /* SceneDelegate.swift in Sources */,
			);
			runOnlyForDeploymentPostprocessing = 0;
		};
/* End PBXSourcesBuildPhase section */

/* Begin PBXVariantGroup section */
		6CCA99602B09323A00E4A975 /* Main.storyboard */ = {
			isa = PBXVariantGroup;
			children = (
				6CCA99612B09323A00E4A975 /* Base */,
			);
			name = Main.storyboard;
			sourceTree = "<group>";
		};
		6CCA99652B09324100E4A975 /* LaunchScreen.storyboard */ = {
			isa = PBXVariantGroup;
			children = (
				6CCA99662B09324100E4A975 /* Base */,
			);
			name = LaunchScreen.storyboard;
			sourceTree = "<group>";
		};
/* End PBXVariantGroup section */

/* Begin XCBuildConfiguration section */
		6CCA99692B09324100E4A975 /* Debug */ = {
			isa = XCBuildConfiguration;
			buildSettings = {
				ALWAYS_SEARCH_USER_PATHS = NO;
				CLANG_ANALYZER_NONNULL = YES;
				CLANG_ANALYZER_NUMBER_OBJECT_CONVERSION = YES_AGGRESSIVE;
				CLANG_CXX_LANGUAGE_STANDARD = "gnu++20";
				CLANG_ENABLE_MODULES = YES;
				CLANG_ENABLE_OBJC_ARC = YES;
				CLANG_ENABLE_OBJC_WEAK = YES;
				CLANG_WARN_BLOCK_CAPTURE_AUTORELEASING = YES;
				CLANG_WARN_BOOL_CONVERSION = YES;
				CLANG_WARN_COMMA = YES;
				CLANG_WARN_CONSTANT_CONVERSION = YES;
				CLANG_WARN_DEPRECATED_OBJC_IMPLEMENTATIONS = YES;
				CLANG_WARN_DIRECT_OBJC_ISA_USAGE = YES_ERROR;
				CLANG_WARN_DOCUMENTATION_COMMENTS = YES;
				CLANG_WARN_EMPTY_BODY = YES;
				CLANG_WARN_ENUM_CONVERSION = YES;
				CLANG_WARN_INFINITE_RECURSION = YES;
				CLANG_WARN_INT_CONVERSION = YES;
				CLANG_WARN_NON_LITERAL_NULL_CONVERSION = YES;
				CLANG_WARN_OBJC_IMPLICIT_RETAIN_SELF = YES;
				CLANG_WARN_OBJC_LITERAL_CONVERSION = YES;
				CLANG_WARN_OBJC_ROOT_CLASS = YES_ERROR;
				CLANG_WARN_QUOTED_INCLUDE_IN_FRAMEWORK_HEADER = YES;
				CLANG_WARN_RANGE_LOOP_ANALYSIS = YES;
				CLANG_WARN_STRICT_PROTOTYPES = YES;
				CLANG_WARN_SUSPICIOUS_MOVE = YES;
				CLANG_WARN_UNGUARDED_AVAILABILITY = YES_AGGRESSIVE;
				CLANG_WARN_UNREACHABLE_CODE = YES;
				CLANG_WARN__DUPLICATE_METHOD_MATCH = YES;
				COPY_PHASE_STRIP = NO;
				DEBUG_INFORMATION_FORMAT = dwarf;
				ENABLE_STRICT_OBJC_MSGSEND = YES;
				ENABLE_TESTABILITY = YES;
				GCC_C_LANGUAGE_STANDARD = gnu11;
				GCC_DYNAMIC_NO_PIC = NO;
				GCC_NO_COMMON_BLOCKS = YES;
				GCC_OPTIMIZATION_LEVEL = 0;
				GCC_PREPROCESSOR_DEFINITIONS = (
					"DEBUG=1",
					"$(inherited)",
				);
				GCC_WARN_64_TO_32_BIT_CONVERSION = YES;
				GCC_WARN_ABOUT_RETURN_TYPE = YES_ERROR;
				GCC_WARN_UNDECLARED_SELECTOR = YES;
				GCC_WARN_UNINITIALIZED_AUTOS = YES_AGGRESSIVE;
				GCC_WARN_UNUSED_FUNCTION = YES;
				GCC_WARN_UNUSED_VARIABLE = YES;
				IPHONEOS_DEPLOYMENT_TARGET = 15.0;
				MTL_ENABLE_DEBUG_INFO = INCLUDE_SOURCE;
				MTL_FAST_MATH = YES;
				ONLY_ACTIVE_ARCH = YES;
				SDKROOT = iphoneos;
				SWIFT_ACTIVE_COMPILATION_CONDITIONS = DEBUG;
				SWIFT_OPTIMIZATION_LEVEL = "-Onone";
			};
			name = Debug;
		};
		6CCA996A2B09324100E4A975 /* Release */ = {
			isa = XCBuildConfiguration;
			buildSettings = {
				ALWAYS_SEARCH_USER_PATHS = NO;
				CLANG_ANALYZER_NONNULL = YES;
				CLANG_ANALYZER_NUMBER_OBJECT_CONVERSION = YES_AGGRESSIVE;
				CLANG_CXX_LANGUAGE_STANDARD = "gnu++20";
				CLANG_ENABLE_MODULES = YES;
				CLANG_ENABLE_OBJC_ARC = YES;
				CLANG_ENABLE_OBJC_WEAK = YES;
				CLANG_WARN_BLOCK_CAPTURE_AUTORELEASING = YES;
				CLANG_WARN_BOOL_CONVERSION = YES;
				CLANG_WARN_COMMA = YES;
				CLANG_WARN_CONSTANT_CONVERSION = YES;
				CLANG_WARN_DEPRECATED_OBJC_IMPLEMENTATIONS = YES;
				CLANG_WARN_DIRECT_OBJC_ISA_USAGE = YES_ERROR;
				CLANG_WARN_DOCUMENTATION_COMMENTS = YES;
				CLANG_WARN_EMPTY_BODY = YES;
				CLANG_WARN_ENUM_CONVERSION = YES;
				CLANG_WARN_INFINITE_RECURSION = YES;
				CLANG_WARN_INT_CONVERSION = YES;
				CLANG_WARN_NON_LITERAL_NULL_CONVERSION = YES;
				CLANG_WARN_OBJC_IMPLICIT_RETAIN_SELF = YES;
				CLANG_WARN_OBJC_LITERAL_CONVERSION = YES;
				CLANG_WARN_OBJC_ROOT_CLASS = YES_ERROR;
				CLANG_WARN_QUOTED_INCLUDE_IN_FRAMEWORK_HEADER = YES;
				CLANG_WARN_RANGE_LOOP_ANALYSIS = YES;
				CLANG_WARN_STRICT_PROTOTYPES = YES;
				CLANG_WARN_SUSPICIOUS_MOVE = YES;
				CLANG_WARN_UNGUARDED_AVAILABILITY = YES_AGGRESSIVE;
				CLANG_WARN_UNREACHABLE_CODE = YES;
				CLANG_WARN__DUPLICATE_METHOD_MATCH = YES;
				COPY_PHASE_STRIP = NO;
				DEBUG_INFORMATION_FORMAT = "dwarf-with-dsym";
				ENABLE_NS_ASSERTIONS = NO;
				ENABLE_STRICT_OBJC_MSGSEND = YES;
				GCC_C_LANGUAGE_STANDARD = gnu11;
				GCC_NO_COMMON_BLOCKS = YES;
				GCC_WARN_64_TO_32_BIT_CONVERSION = YES;
				GCC_WARN_ABOUT_RETURN_TYPE = YES_ERROR;
				GCC_WARN_UNDECLARED_SELECTOR = YES;
				GCC_WARN_UNINITIALIZED_AUTOS = YES_AGGRESSIVE;
				GCC_WARN_UNUSED_FUNCTION = YES;
				GCC_WARN_UNUSED_VARIABLE = YES;
				IPHONEOS_DEPLOYMENT_TARGET = 15.0;
				MTL_ENABLE_DEBUG_INFO = NO;
				MTL_FAST_MATH = YES;
				SDKROOT = iphoneos;
				SWIFT_COMPILATION_MODE = wholemodule;
				SWIFT_OPTIMIZATION_LEVEL = "-O";
				VALIDATE_PRODUCT = YES;
			};
			name = Release;
		};
		6CCA996C2B09324100E4A975 /* Debug */ = {
			isa = XCBuildConfiguration;
			buildSettings = {
				ASSETCATALOG_COMPILER_APPICON_NAME = AppIcon;
				ASSETCATALOG_COMPILER_GLOBAL_ACCENT_COLOR_NAME = AccentColor;
				CODE_SIGN_STYLE = Automatic;
				CURRENT_PROJECT_VERSION = 1;
				DEVELOPMENT_TEAM = XS362S4TAX;
				GENERATE_INFOPLIST_FILE = YES;
				INFOPLIST_FILE = MovieMate/Info.plist;
				INFOPLIST_KEY_UIApplicationSupportsIndirectInputEvents = YES;
				INFOPLIST_KEY_UILaunchStoryboardName = LaunchScreen;
				INFOPLIST_KEY_UIMainStoryboardFile = Main;
				INFOPLIST_KEY_UISupportedInterfaceOrientations_iPad = "UIInterfaceOrientationPortrait UIInterfaceOrientationPortraitUpsideDown UIInterfaceOrientationLandscapeLeft UIInterfaceOrientationLandscapeRight";
				INFOPLIST_KEY_UISupportedInterfaceOrientations_iPhone = "UIInterfaceOrientationPortrait UIInterfaceOrientationLandscapeLeft UIInterfaceOrientationLandscapeRight";
				LD_RUNPATH_SEARCH_PATHS = (
					"$(inherited)",
					"@executable_path/Frameworks",
				);
				MARKETING_VERSION = 1.0;
				PRODUCT_BUNDLE_IDENTIFIER = Vadim.Ignatenko.MovieMate;
				PRODUCT_NAME = "$(TARGET_NAME)";
				SWIFT_EMIT_LOC_STRINGS = YES;
				SWIFT_VERSION = 5.0;
				TARGETED_DEVICE_FAMILY = "1,2";
			};
			name = Debug;
		};
		6CCA996D2B09324100E4A975 /* Release */ = {
			isa = XCBuildConfiguration;
			buildSettings = {
				ASSETCATALOG_COMPILER_APPICON_NAME = AppIcon;
				ASSETCATALOG_COMPILER_GLOBAL_ACCENT_COLOR_NAME = AccentColor;
				CODE_SIGN_STYLE = Automatic;
				CURRENT_PROJECT_VERSION = 1;
				DEVELOPMENT_TEAM = XS362S4TAX;
				GENERATE_INFOPLIST_FILE = YES;
				INFOPLIST_FILE = MovieMate/Info.plist;
				INFOPLIST_KEY_UIApplicationSupportsIndirectInputEvents = YES;
				INFOPLIST_KEY_UILaunchStoryboardName = LaunchScreen;
				INFOPLIST_KEY_UIMainStoryboardFile = Main;
				INFOPLIST_KEY_UISupportedInterfaceOrientations_iPad = "UIInterfaceOrientationPortrait UIInterfaceOrientationPortraitUpsideDown UIInterfaceOrientationLandscapeLeft UIInterfaceOrientationLandscapeRight";
				INFOPLIST_KEY_UISupportedInterfaceOrientations_iPhone = "UIInterfaceOrientationPortrait UIInterfaceOrientationLandscapeLeft UIInterfaceOrientationLandscapeRight";
				LD_RUNPATH_SEARCH_PATHS = (
					"$(inherited)",
					"@executable_path/Frameworks",
				);
				MARKETING_VERSION = 1.0;
				PRODUCT_BUNDLE_IDENTIFIER = Vadim.Ignatenko.MovieMate;
				PRODUCT_NAME = "$(TARGET_NAME)";
				SWIFT_EMIT_LOC_STRINGS = YES;
				SWIFT_VERSION = 5.0;
				TARGETED_DEVICE_FAMILY = "1,2";
			};
			name = Release;
		};
/* End XCBuildConfiguration section */

/* Begin XCConfigurationList section */
		6CCA99522B09323A00E4A975 /* Build configuration list for PBXProject "MovieMate" */ = {
			isa = XCConfigurationList;
			buildConfigurations = (
				6CCA99692B09324100E4A975 /* Debug */,
				6CCA996A2B09324100E4A975 /* Release */,
			);
			defaultConfigurationIsVisible = 0;
			defaultConfigurationName = Release;
		};
		6CCA996B2B09324100E4A975 /* Build configuration list for PBXNativeTarget "MovieMate" */ = {
			isa = XCConfigurationList;
			buildConfigurations = (
				6CCA996C2B09324100E4A975 /* Debug */,
				6CCA996D2B09324100E4A975 /* Release */,
			);
			defaultConfigurationIsVisible = 0;
			defaultConfigurationName = Release;
		};
/* End XCConfigurationList section */

/* Begin XCRemoteSwiftPackageReference section */
		6CAF95FA2B2686300075837F /* XCRemoteSwiftPackageReference "Alamofire" */ = {
			isa = XCRemoteSwiftPackageReference;
			repositoryURL = "https://github.com/Alamofire/Alamofire.git";
			requirement = {
				branch = master;
				kind = branch;
			};
		};
		6CAF95FD2B2686930075837F /* XCRemoteSwiftPackageReference "SwiftyJSON" */ = {
			isa = XCRemoteSwiftPackageReference;
			repositoryURL = "https://github.com/SwiftyJSON/SwiftyJSON.git";
			requirement = {
				kind = versionRange;
				maximumVersion = 6.0.0;
				minimumVersion = 5.0.0;
			};
		};
		6CB0CA402B57F3C100448038 /* XCRemoteSwiftPackageReference "AlamofireImage" */ = {
			isa = XCRemoteSwiftPackageReference;
			repositoryURL = "https://github.com/Alamofire/AlamofireImage.git";
			requirement = {
				kind = upToNextMajorVersion;
				minimumVersion = 4.3.0;
			};
		};
		6CB0CA432B59180100448038 /* XCRemoteSwiftPackageReference "NVActivityIndicatorView" */ = {
			isa = XCRemoteSwiftPackageReference;
			repositoryURL = "https://github.com/ninjaprox/NVActivityIndicatorView.git";
			requirement = {
				kind = upToNextMajorVersion;
				minimumVersion = 5.1.1;
			};
		};
/* End XCRemoteSwiftPackageReference section */

/* Begin XCSwiftPackageProductDependency section */
		6CAF95FB2B2686300075837F /* Alamofire */ = {
			isa = XCSwiftPackageProductDependency;
			package = 6CAF95FA2B2686300075837F /* XCRemoteSwiftPackageReference "Alamofire" */;
			productName = Alamofire;
		};
		6CAF95FE2B2686930075837F /* SwiftyJSON */ = {
			isa = XCSwiftPackageProductDependency;
			package = 6CAF95FD2B2686930075837F /* XCRemoteSwiftPackageReference "SwiftyJSON" */;
			productName = SwiftyJSON;
		};
		6CB0CA412B57F3C100448038 /* AlamofireImage */ = {
			isa = XCSwiftPackageProductDependency;
			package = 6CB0CA402B57F3C100448038 /* XCRemoteSwiftPackageReference "AlamofireImage" */;
			productName = AlamofireImage;
		};
		6CB0CA442B59180100448038 /* NVActivityIndicatorView */ = {
			isa = XCSwiftPackageProductDependency;
			package = 6CB0CA432B59180100448038 /* XCRemoteSwiftPackageReference "NVActivityIndicatorView" */;
			productName = NVActivityIndicatorView;
		};
		6CB0CA462B59180100448038 /* NVActivityIndicatorViewExtended */ = {
			isa = XCSwiftPackageProductDependency;
			package = 6CB0CA432B59180100448038 /* XCRemoteSwiftPackageReference "NVActivityIndicatorView" */;
			productName = NVActivityIndicatorViewExtended;
		};
/* End XCSwiftPackageProductDependency section */
	};
	rootObject = 6CCA994F2B09323A00E4A975 /* Project object */;
}
